Microsoft Visual Studio Solution File, Format Version 12.00
# Visual Studio Version 17
VisualStudioVersion = 17.12.35521.163 d17.12
MinimumVisualStudioVersion = 10.0.40219.1
Project("{8BC9CEB8-8B4A-11D0-8D11-00A0C91BC942}") = "ALAudio", "ALAudio\Src\ALAudio.vcxproj", "{521A1CB2-CF1A-9BF3-9D86-B3D7B1F3A922}"
EndProject
Project("{8BC9CEB8-8B4A-11D0-8D11-00A0C91BC942}") = "Core", "Core\Src\Core.vcxproj", "{EA4DB3F7-E398-6BAE-CE34-BF0747A28A0F}"
EndProject
Project("{8BC9CEB8-8B4A-11D0-8D11-00A0C91BC942}") = "D3DDrv", "D3DDrv\Src\D3DDrv.vcxproj", "{4B7DBA44-7C40-696D-891B-7E5132803528}"
EndProject
Project("{8BC9CEB8-8B4A-11D0-8D11-00A0C91BC942}") = "Editor", "Editor\Src\Editor.vcxproj", "{FC5A98ED-C149-6337-2907-61A7C581C3B0}"
	ProjectSection(ProjectDependencies) = postProject
		{492F2EE5-FD48-D89C-923B-DA9FE849C827} = {492F2EE5-FD48-D89C-923B-DA9FE849C827}
		{EA4DB3F7-E398-6BAE-CE34-BF0747A28A0F} = {EA4DB3F7-E398-6BAE-CE34-BF0747A28A0F}
	EndProjectSection
EndProject
Project("{8BC9CEB8-8B4A-11D0-8D11-00A0C91BC942}") = "Engine", "Engine\Src\Engine.vcxproj", "{492F2EE5-FD48-D89C-923B-DA9FE849C827}"
EndProject
Project("{8BC9CEB8-8B4A-11D0-8D11-00A0C91BC942}") = "Fire", "Fire\Src\Fire.vcxproj", "{116B51D3-5D29-F605-77F9-3086BCCC80C1}"
EndProject
Project("{8BC9CEB8-8B4A-11D0-8D11-00A0C91BC942}") = "IpDrv", "IpDrv\Src\IpDrv.vcxproj", "{E54BC770-AF17-DAAC-F7D0-2212C4FDDD2A}"
EndProject
Project("{8BC9CEB8-8B4A-11D0-8D11-00A0C91BC942}") = "Launch", "Launch\Src\Launch.vcxproj", "{4C5B8320-5642-1F77-9B1C-997B85EFE3D0}"
EndProject
Project("{8BC9CEB8-8B4A-11D0-8D11-00A0C91BC942}") = "UCC", "UCC\Src\UCC.vcxproj", "{C4F68CB2-2107-8C57-0AE3-F8A90EC62351}"
EndProject
Project("{8BC9CEB8-8B4A-11D0-8D11-00A0C91BC942}") = "UWeb", "UWeb\Src\UWeb.vcxproj", "{72858187-C370-7256-E4EA-90BA0655C32C}"
EndProject
Project("{8BC9CEB8-8B4A-11D0-8D11-00A0C91BC942}") = "UnrealEd", "UnrealEd\Src\UnrealEd.vcxproj", "{E80EF01C-E74C-1487-3BAD-6036DB43BF91}"
	ProjectSection(ProjectDependencies) = postProject
		{65E82515-9DFC-45E0-B76D-C1A63052C87D} = {65E82515-9DFC-45E0-B76D-C1A63052C87D}
		{E28B3C1D-CADF-43AF-BC6D-453216DC91A0} = {E28B3C1D-CADF-43AF-BC6D-453216DC91A0}
		{4B7DBA44-7C40-696D-891B-7E5132803528} = {4B7DBA44-7C40-696D-891B-7E5132803528}
		{E54BC770-AF17-DAAC-F7D0-2212C4FDDD2A} = {E54BC770-AF17-DAAC-F7D0-2212C4FDDD2A}
		{72858187-C370-7256-E4EA-90BA0655C32C} = {72858187-C370-7256-E4EA-90BA0655C32C}
		{841E7388-1492-C08E-2AA4-0A380C6E4C87} = {841E7388-1492-C08E-2AA4-0A380C6E4C87}
		{0E5D388D-B295-06D1-4F3A-D428B8951F28} = {0E5D388D-B295-06D1-4F3A-D428B8951F28}
		{F9EF52AB-DC4E-4270-B40E-1F76AB7EAC8E} = {F9EF52AB-DC4E-4270-B40E-1F76AB7EAC8E}
		{521A1CB2-CF1A-9BF3-9D86-B3D7B1F3A922} = {521A1CB2-CF1A-9BF3-9D86-B3D7B1F3A922}
		{C4F68CB2-2107-8C57-0AE3-F8A90EC62351} = {C4F68CB2-2107-8C57-0AE3-F8A90EC62351}
		{5345A7C0-EB3D-47AD-971B-72EAF22E96A0} = {5345A7C0-EB3D-47AD-971B-72EAF22E96A0}
		{CC5661C9-5752-44EB-8945-506F8887D0E6} = {CC5661C9-5752-44EB-8945-506F8887D0E6}
		{E8C92FCB-38CA-5DA3-FC31-3BF80407F3F7} = {E8C92FCB-38CA-5DA3-FC31-3BF80407F3F7}
		{116B51D3-5D29-F605-77F9-3086BCCC80C1} = {116B51D3-5D29-F605-77F9-3086BCCC80C1}
		{8B374EDB-9EA0-40EE-A221-6CE1AD326387} = {8B374EDB-9EA0-40EE-A221-6CE1AD326387}
		{492F2EE5-FD48-D89C-923B-DA9FE849C827} = {492F2EE5-FD48-D89C-923B-DA9FE849C827}
		{FC5A98ED-C149-6337-2907-61A7C581C3B0} = {FC5A98ED-C149-6337-2907-61A7C581C3B0}
		{2BBF4CF0-D1DA-4E74-B518-F9042BA5CEC6} = {2BBF4CF0-D1DA-4E74-B518-F9042BA5CEC6}
		{EA4DB3F7-E398-6BAE-CE34-BF0747A28A0F} = {EA4DB3F7-E398-6BAE-CE34-BF0747A28A0F}
	EndProjectSection
EndProject
Project("{8BC9CEB8-8B4A-11D0-8D11-00A0C91BC942}") = "WinDrv", "WinDrv\Src\WinDrv.vcxproj", "{0E5D388D-B295-06D1-4F3A-D428B8951F28}"
EndProject
Project("{8BC9CEB8-8B4A-11D0-8D11-00A0C91BC942}") = "Window", "Window\Src\Window.vcxproj", "{E8C92FCB-38CA-5DA3-FC31-3BF80407F3F7}"
EndProject
Project("{8BC9CEB8-8B4A-11D0-8D11-00A0C91BC942}") = "UI", "UI\Src\UI.vcxproj", "{841E7388-1492-C08E-2AA4-0A380C6E4C87}"
EndProject
Project("{8BC9CEB8-8B4A-11D0-8D11-00A0C91BC942}") = "Vehicles", "Vehicles\Src\Vehicles.vcxproj", "{65E82515-9DFC-45E0-B76D-C1A63052C87D}"
EndProject
Project("{8BC9CEB8-8B4A-11D0-8D11-00A0C91BC942}") = "System", "System\Src\System.vcxproj", "{E28B3C1D-CADF-43AF-BC6D-453216DC91A0}"
EndProject
Project("{8BC9CEB8-8B4A-11D0-8D11-00A0C91BC942}") = "U2", "U2\Src\U2.vcxproj", "{8B374EDB-9EA0-40EE-A221-6CE1AD326387}"
EndProject
Project("{8BC9CEB8-8B4A-11D0-8D11-00A0C91BC942}") = "Legend", "Legend\Src\Legend.vcxproj", "{CC5661C9-5752-44EB-8945-506F8887D0E6}"
EndProject
Project("{8BC9CEB8-8B4A-11D0-8D11-00A0C91BC942}") = "Weapons", "Weapons\Src\Weapons.vcxproj", "{5345A7C0-EB3D-47AD-971B-72EAF22E96A0}"
EndProject
Project("{8BC9CEB8-8B4A-11D0-8D11-00A0C91BC942}") = "ParticleSystems", "ParticleSystems\Src\ParticleSystems.vcxproj", "{F9EF52AB-DC4E-4270-B40E-1F76AB7EAC8E}"
EndProject
Project("{8BC9CEB8-8B4A-11D0-8D11-00A0C91BC942}") = "Pawns", "Pawns\Src\Pawns.vcxproj", "{2BBF4CF0-D1DA-4E74-B518-F9042BA5CEC6}"
EndProject
Project("{8BC9CEB8-8B4A-11D0-8D11-00A0C91BC942}") = "Deployables", "Deployables\Src\Deployables.vcxproj", "{0FC3C5DB-67B3-49C9-A60C-588C02DC4F39}"
EndProject
Global
	GlobalSection(SolutionConfigurationPlatforms) = preSolution
		Debug|Win32 = Debug|Win32
		Release|Win32 = Release|Win32
	EndGlobalSection
	GlobalSection(ProjectConfigurationPlatforms) = postSolution
		{521A1CB2-CF1A-9BF3-9D86-B3D7B1F3A922}.Debug|Win32.ActiveCfg = Debug|Win32
		{521A1CB2-CF1A-9BF3-9D86-B3D7B1F3A922}.Debug|Win32.Build.0 = Debug|Win32
		{521A1CB2-CF1A-9BF3-9D86-B3D7B1F3A922}.Release|Win32.ActiveCfg = Release|Win32
		{EA4DB3F7-E398-6BAE-CE34-BF0747A28A0F}.Debug|Win32.ActiveCfg = Debug|Win32
		{EA4DB3F7-E398-6BAE-CE34-BF0747A28A0F}.Debug|Win32.Build.0 = Debug|Win32
		{EA4DB3F7-E398-6BAE-CE34-BF0747A28A0F}.Release|Win32.ActiveCfg = Release|Win32
		{4B7DBA44-7C40-696D-891B-7E5132803528}.Debug|Win32.ActiveCfg = Debug|Win32
		{4B7DBA44-7C40-696D-891B-7E5132803528}.Debug|Win32.Build.0 = Debug|Win32
		{4B7DBA44-7C40-696D-891B-7E5132803528}.Release|Win32.ActiveCfg = Release|Win32
		{FC5A98ED-C149-6337-2907-61A7C581C3B0}.Debug|Win32.ActiveCfg = Debug|Win32
		{FC5A98ED-C149-6337-2907-61A7C581C3B0}.Debug|Win32.Build.0 = Debug|Win32
		{FC5A98ED-C149-6337-2907-61A7C581C3B0}.Release|Win32.ActiveCfg = Release|Win32
		{492F2EE5-FD48-D89C-923B-DA9FE849C827}.Debug|Win32.ActiveCfg = Debug|Win32
		{492F2EE5-FD48-D89C-923B-DA9FE849C827}.Debug|Win32.Build.0 = Debug|Win32
		{492F2EE5-FD48-D89C-923B-DA9FE849C827}.Release|Win32.ActiveCfg = Release|Win32
		{116B51D3-5D29-F605-77F9-3086BCCC80C1}.Debug|Win32.ActiveCfg = Debug|Win32
		{116B51D3-5D29-F605-77F9-3086BCCC80C1}.Debug|Win32.Build.0 = Debug|Win32
		{116B51D3-5D29-F605-77F9-3086BCCC80C1}.Release|Win32.ActiveCfg = Release|Win32
		{E54BC770-AF17-DAAC-F7D0-2212C4FDDD2A}.Debug|Win32.ActiveCfg = Debug|Win32
		{E54BC770-AF17-DAAC-F7D0-2212C4FDDD2A}.Debug|Win32.Build.0 = Debug|Win32
		{E54BC770-AF17-DAAC-F7D0-2212C4FDDD2A}.Release|Win32.ActiveCfg = Release|Win32
		{4C5B8320-5642-1F77-9B1C-997B85EFE3D0}.Debug|Win32.ActiveCfg = Debug|Win32
		{4C5B8320-5642-1F77-9B1C-997B85EFE3D0}.Debug|Win32.Build.0 = Debug|Win32
		{4C5B8320-5642-1F77-9B1C-997B85EFE3D0}.Release|Win32.ActiveCfg = Release|Win32
		{C4F68CB2-2107-8C57-0AE3-F8A90EC62351}.Debug|Win32.ActiveCfg = Debug|Win32
		{C4F68CB2-2107-8C57-0AE3-F8A90EC62351}.Debug|Win32.Build.0 = Debug|Win32
		{C4F68CB2-2107-8C57-0AE3-F8A90EC62351}.Release|Win32.ActiveCfg = Release|Win32
		{72858187-C370-7256-E4EA-90BA0655C32C}.Debug|Win32.ActiveCfg = Debug|Win32
		{72858187-C370-7256-E4EA-90BA0655C32C}.Debug|Win32.Build.0 = Debug|Win32
		{72858187-C370-7256-E4EA-90BA0655C32C}.Release|Win32.ActiveCfg = Release|Win32
		{E80EF01C-E74C-1487-3BAD-6036DB43BF91}.Debug|Win32.ActiveCfg = Debug|Win32
		{E80EF01C-E74C-1487-3BAD-6036DB43BF91}.Debug|Win32.Build.0 = Debug|Win32
		{E80EF01C-E74C-1487-3BAD-6036DB43BF91}.Release|Win32.ActiveCfg = Release|Win32
		{0E5D388D-B295-06D1-4F3A-D428B8951F28}.Debug|Win32.ActiveCfg = Debug|Win32
		{0E5D388D-B295-06D1-4F3A-D428B8951F28}.Debug|Win32.Build.0 = Debug|Win32
		{0E5D388D-B295-06D1-4F3A-D428B8951F28}.Release|Win32.ActiveCfg = Release|Win32
		{E8C92FCB-38CA-5DA3-FC31-3BF80407F3F7}.Debug|Win32.ActiveCfg = Debug|Win32
		{E8C92FCB-38CA-5DA3-FC31-3BF80407F3F7}.Debug|Win32.Build.0 = Debug|Win32
		{E8C92FCB-38CA-5DA3-FC31-3BF80407F3F7}.Release|Win32.ActiveCfg = Release|Win32
		{841E7388-1492-C08E-2AA4-0A380C6E4C87}.Debug|Win32.ActiveCfg = Debug|Win32
		{841E7388-1492-C08E-2AA4-0A380C6E4C87}.Debug|Win32.Build.0 = Debug|Win32
		{841E7388-1492-C08E-2AA4-0A380C6E4C87}.Release|Win32.ActiveCfg = Release|Win32
		{65E82515-9DFC-45E0-B76D-C1A63052C87D}.Debug|Win32.ActiveCfg = Debug|Win32
		{65E82515-9DFC-45E0-B76D-C1A63052C87D}.Debug|Win32.Build.0 = Debug|Win32
		{65E82515-9DFC-45E0-B76D-C1A63052C87D}.Release|Win32.ActiveCfg = Release|Win32
		{E28B3C1D-CADF-43AF-BC6D-453216DC91A0}.Debug|Win32.ActiveCfg = Debug|Win32
		{E28B3C1D-CADF-43AF-BC6D-453216DC91A0}.Debug|Win32.Build.0 = Debug|Win32
		{E28B3C1D-CADF-43AF-BC6D-453216DC91A0}.Release|Win32.ActiveCfg = Release|Win32
		{E28B3C1D-CADF-43AF-BC6D-453216DC91A0}.Release|Win32.Build.0 = Release|Win32
		{8B374EDB-9EA0-40EE-A221-6CE1AD326387}.Debug|Win32.ActiveCfg = Debug|Win32
		{8B374EDB-9EA0-40EE-A221-6CE1AD326387}.Debug|Win32.Build.0 = Debug|Win32
		{8B374EDB-9EA0-40EE-A221-6CE1AD326387}.Release|Win32.ActiveCfg = Release|Win32
		{8B374EDB-9EA0-40EE-A221-6CE1AD326387}.Release|Win32.Build.0 = Release|Win32
		{CC5661C9-5752-44EB-8945-506F8887D0E6}.Debug|Win32.ActiveCfg = Debug|Win32
		{CC5661C9-5752-44EB-8945-506F8887D0E6}.Debug|Win32.Build.0 = Debug|Win32
		{CC5661C9-5752-44EB-8945-506F8887D0E6}.Release|Win32.ActiveCfg = Release|Win32
		{CC5661C9-5752-44EB-8945-506F8887D0E6}.Release|Win32.Build.0 = Release|Win32
		{5345A7C0-EB3D-47AD-971B-72EAF22E96A0}.Debug|Win32.ActiveCfg = Debug|Win32
		{5345A7C0-EB3D-47AD-971B-72EAF22E96A0}.Debug|Win32.Build.0 = Debug|Win32
		{5345A7C0-EB3D-47AD-971B-72EAF22E96A0}.Release|Win32.ActiveCfg = Release|Win32
		{5345A7C0-EB3D-47AD-971B-72EAF22E96A0}.Release|Win32.Build.0 = Release|Win32
		{F9EF52AB-DC4E-4270-B40E-1F76AB7EAC8E}.Debug|Win32.ActiveCfg = Debug|Win32
		{F9EF52AB-DC4E-4270-B40E-1F76AB7EAC8E}.Debug|Win32.Build.0 = Debug|Win32
		{F9EF52AB-DC4E-4270-B40E-1F76AB7EAC8E}.Release|Win32.ActiveCfg = Release|Win32
		{F9EF52AB-DC4E-4270-B40E-1F76AB7EAC8E}.Release|Win32.Build.0 = Release|Win32
		{2BBF4CF0-D1DA-4E74-B518-F9042BA5CEC6}.Debug|Win32.ActiveCfg = Debug|Win32
		{2BBF4CF0-D1DA-4E74-B518-F9042BA5CEC6}.Debug|Win32.Build.0 = Debug|Win32
		{2BBF4CF0-D1DA-4E74-B518-F9042BA5CEC6}.Release|Win32.ActiveCfg = Release|Win32
		{0FC3C5DB-67B3-49C9-A60C-588C02DC4F39}.Debug|Win32.ActiveCfg = Debug|Win32
		{0FC3C5DB-67B3-49C9-A60C-588C02DC4F39}.Debug|Win32.Build.0 = Debug|Win32
		{0FC3C5DB-67B3-49C9-A60C-588C02DC4F39}.Release|Win32.ActiveCfg = Release|Win32
	EndGlobalSection
	GlobalSection(SolutionProperties) = preSolution
		HideSolutionNode = FALSE
	EndGlobalSection
EndGlobal
